# THIS IS AN AUTOGENERATED FILE. DO NOT EDIT THIS FILE DIRECTLY.
# yarn lockfile v1


"@babel/helper-plugin-utils@^7.8.0":
  version "7.28.6"
  resolved "https://registry.yarnpkg.com/@babel/helper-plugin-utils/-/helper-plugin-utils-7.28.6.tgz#6f13ea251b68c8532e985fd532f28741a8af9ac8"
  integrity sha512-S9gzZ/bz83GRysI7gAD4wPT/AI3uCnY+9xn+Mx/KPs2JwHJIz1W8PZkg2cqyt3RNOBM8ejcXhV6y8Og7ly/Dug==

"@babel/plugin-syntax-object-rest-spread@^7.8.3":
  version "7.8.3"
  resolved "https://registry.yarnpkg.com/@babel/plugin-syntax-object-rest-spread/-/plugin-syntax-object-rest-spread-7.8.3.tgz#60e225edcbd98a640332a2e72dd3e66f1af55871"
  integrity sha512-XoqMijGZb9y3y2XskN+P1wUGiVwWZ5JmoDRwx5+3GmEplNyVM2s2Dg8ILFQm8rWM48orGy5YpI5Bl8U1y7ydlA==
  dependencies:
    "@babel/helper-plugin-utils" "^7.8.0"

react-dom@^19.2.0:
  version "19.2.4"
  resolved "https://registry.yarnpkg.com/react-dom/-/react-dom-19.2.4.tgz#6fac6bd96f7db477d966c7ec17c1a2b1ad8e6591"
  integrity sha512-AXJdLo8kgMbimY95O2aKQqsz2iWi9jMgKJhRBAxECE4IFxfcazB2LmzloIoibJI3C12IlY20+KFaLv+71bUJeQ==
  dependencies:
    scheduler "^0.27.0"

"react-scratchingcard@file:..":
  version "1.0.2"

react@^19.2.0:
  version "19.2.4"
  resolved "https://registry.yarnpkg.com/react/-/react-19.2.4.tgz#438e57baa19b77cb23aab516cf635cd0579ee09a"
  integrity sha512-9nfp2hYpCwOjAN+8TZFGhtWEwgvWHXqESH8qT89AT/lWklpLON22Lc8pEtnpsZz7VmawabSU0gCjnj8aC0euHQ==

scheduler@^0.27.0:
  version "0.27.0"
  resolved "https://registry.yarnpkg.com/scheduler/-/scheduler-0.27.0.tgz#0c4ef82d67d1e5c1e359e8fc76d3a87f045fe5bd"
  integrity sha512-eNv+WrVbKu1f3vbYJT/xtiF5syA5HPIMtf9IgY/nKg0sWqzAUEvqY/xm7OcZc/qafLx/iO9FgOmeSAp4v5ti/Q==
